
Microsoft Visual Studio Solution File, Format Version 12.00
# Visual Studio Version 17
VisualStudioVersion = 17.9.34728.123
MinimumVisualStudioVersion = 10.0.40219.1
Project("{9A19103F-16F7-4668-BE54-9A1E7A4F7556}") = "PhotoBrowser.Maui", "PhotoBrowser.Maui\PhotoBrowser.Maui.csproj", "{89104978-6137-4BF3-8890-2EB28631AA79}"
EndProject
Project("{2150E333-8FDC-42A3-9474-1A3956D46DE8}") = "Binding", "Binding", "{5189D7A2-698B-4E3B-A8AC-84744CA04F71}"
EndProject
Project("{2150E333-8FDC-42A3-9474-1A3956D46DE8}") = "Android", "Android", "{372757CF-0F64-47B7-8369-B19D1E15B90C}"
EndProject
Project("{9A19103F-16F7-4668-BE54-9A1E7A4F7556}") = "PhotoBrowser.Sample", "PhotoBrowser.Sample\PhotoBrowser.Sample.csproj", "{FD3E4994-D4A9-42A5-899F-178D3DF8BCD1}"
EndProject
Project("{9A19103F-16F7-4668-BE54-9A1E7A4F7556}") = "SubsamplingScaleImageView", "SubsamplingScaleImageView\SubsamplingScaleImageView.csproj", "{2E7FEF70-AA72-4C94-8B01-3850E0A2782A}"
EndProject
Project("{2150E333-8FDC-42A3-9474-1A3956D46DE8}") = "iOS", "iOS", "{429AB521-3622-4667-B1B6-70BF1B0C4817}"
EndProject
Project("{2150E333-8FDC-42A3-9474-1A3956D46DE8}") = "Solution Items", "Solution Items", "{47B452C9-84F1-41FC-9894-EFAB86737F85}"
	ProjectSection(SolutionItems) = preProject
		LICENSE = LICENSE
		README.md = README.md
	EndProjectSection
EndProject
Project("{9A19103F-16F7-4668-BE54-9A1E7A4F7556}") = "IDMPhotoBrowserBindings", "IDMPhotoBrowserBindings\IDMPhotoBrowserBindings.csproj", "{6F7A9C95-054F-4036-ABCA-557FC57D5264}"
EndProject
Global
	GlobalSection(SolutionConfigurationPlatforms) = preSolution
		Debug|Any CPU = Debug|Any CPU
		Release|Any CPU = Release|Any CPU
	EndGlobalSection
	GlobalSection(ProjectConfigurationPlatforms) = postSolution
		{89104978-6137-4BF3-8890-2EB28631AA79}.Debug|Any CPU.ActiveCfg = Debug|Any CPU
		{89104978-6137-4BF3-8890-2EB28631AA79}.Debug|Any CPU.Build.0 = Debug|Any CPU
		{89104978-6137-4BF3-8890-2EB28631AA79}.Release|Any CPU.ActiveCfg = Release|Any CPU
		{89104978-6137-4BF3-8890-2EB28631AA79}.Release|Any CPU.Build.0 = Release|Any CPU
		{FD3E4994-D4A9-42A5-899F-178D3DF8BCD1}.Debug|Any CPU.ActiveCfg = Debug|Any CPU
		{FD3E4994-D4A9-42A5-899F-178D3DF8BCD1}.Debug|Any CPU.Build.0 = Debug|Any CPU
		{FD3E4994-D4A9-42A5-899F-178D3DF8BCD1}.Debug|Any CPU.Deploy.0 = Debug|Any CPU
		{FD3E4994-D4A9-42A5-899F-178D3DF8BCD1}.Release|Any CPU.ActiveCfg = Release|Any CPU
		{FD3E4994-D4A9-42A5-899F-178D3DF8BCD1}.Release|Any CPU.Build.0 = Release|Any CPU
		{FD3E4994-D4A9-42A5-899F-178D3DF8BCD1}.Release|Any CPU.Deploy.0 = Release|Any CPU
		{2E7FEF70-AA72-4C94-8B01-3850E0A2782A}.Debug|Any CPU.ActiveCfg = Debug|Any CPU
		{2E7FEF70-AA72-4C94-8B01-3850E0A2782A}.Debug|Any CPU.Build.0 = Debug|Any CPU
		{2E7FEF70-AA72-4C94-8B01-3850E0A2782A}.Release|Any CPU.ActiveCfg = Release|Any CPU
		{2E7FEF70-AA72-4C94-8B01-3850E0A2782A}.Release|Any CPU.Build.0 = Release|Any CPU
		{6F7A9C95-054F-4036-ABCA-557FC57D5264}.Debug|Any CPU.ActiveCfg = Debug|Any CPU
		{6F7A9C95-054F-4036-ABCA-557FC57D5264}.Debug|Any CPU.Build.0 = Debug|Any CPU
		{6F7A9C95-054F-4036-ABCA-557FC57D5264}.Release|Any CPU.ActiveCfg = Release|Any CPU
		{6F7A9C95-054F-4036-ABCA-557FC57D5264}.Release|Any CPU.Build.0 = Release|Any CPU
	EndGlobalSection
	GlobalSection(SolutionProperties) = preSolution
		HideSolutionNode = FALSE
	EndGlobalSection
	GlobalSection(NestedProjects) = preSolution
		{372757CF-0F64-47B7-8369-B19D1E15B90C} = {5189D7A2-698B-4E3B-A8AC-84744CA04F71}
		{2E7FEF70-AA72-4C94-8B01-3850E0A2782A} = {372757CF-0F64-47B7-8369-B19D1E15B90C}
		{429AB521-3622-4667-B1B6-70BF1B0C4817} = {5189D7A2-698B-4E3B-A8AC-84744CA04F71}
		{6F7A9C95-054F-4036-ABCA-557FC57D5264} = {429AB521-3622-4667-B1B6-70BF1B0C4817}
	EndGlobalSection
	GlobalSection(ExtensibilityGlobals) = postSolution
		SolutionGuid = {06CDF9AD-B089-4B07-B096-3AA950E1E40E}
	EndGlobalSection
EndGlobal
